
Microsoft Visual Studio Solution File, Format Version 12.00
# Visual Studio Version 17
VisualStudioVersion = 17.4.33110.190
MinimumVisualStudioVersion = 10.0.40219.1
Project("{FAE04EC0-301F-11D3-BF4B-00C04F79EFBC}") = "ClassInterfacePR1", "ClassInterfacePR1\ClassInterfacePR1.csproj", "{8D2B0015-6132-441E-86E4-FE75515243D7}"
EndProject
Global
	GlobalSection(SolutionConfigurationPlatforms) = preSolution
		Debug|Any CPU = Debug|Any CPU
		Release|Any CPU = Release|Any CPU
	EndGlobalSection
	GlobalSection(ProjectConfigurationPlatforms) = postSolution
		{8D2B0015-6132-441E-86E4-FE75515243D7}.Debug|Any CPU.ActiveCfg = Debug|Any CPU
		{8D2B0015-6132-441E-86E4-FE75515243D7}.Debug|Any CPU.Build.0 = Debug|Any CPU
		{8D2B0015-6132-441E-86E4-FE75515243D7}.Release|Any CPU.ActiveCfg = Release|Any CPU
		{8D2B0015-6132-441E-86E4-FE75515243D7}.Release|Any CPU.Build.0 = Release|Any CPU
	EndGlobalSection
	GlobalSection(SolutionProperties) = preSolution
		HideSolutionNode = FALSE
	EndGlobalSection
	GlobalSection(ExtensibilityGlobals) = postSolution
		SolutionGuid = {5CE4B4D4-F21D-49C8-8A4B-BEDD6A11B56A}
	EndGlobalSection
EndGlobal
